// !$*UTF8*$!
{
	archiveVersion = 1;
	classes = {
	};
	objectVersion = 48;
	objects = {

/* Begin PBXBuildFile section */
		D70C6EC71F83C6B60017D729 /* DataViewController.swift in Sources */ = {isa = PBXBuildFile; fileRef = D70C6EC41F83C6B60017D729 /* DataViewController.swift */; };
		D70C6EC81F83C6B60017D729 /* ModelController.swift in Sources */ = {isa = PBXBuildFile; fileRef = D70C6EC51F83C6B60017D729 /* ModelController.swift */; };
		D70C6EC91F83C6B60017D729 /* RootViewController.swift in Sources */ = {isa = PBXBuildFile; fileRef = D70C6EC61F83C6B60017D729 /* RootViewController.swift */; };
		D724F63F1F83C8AC00AB1917 /* SQLiteDB.swift in Sources */ = {isa = PBXBuildFile; fileRef = D724F63B1F83C8AC00AB1917 /* SQLiteDB.swift */; };
		D724F6401F83C8AC00AB1917 /* String-Extras.swift in Sources */ = {isa = PBXBuildFile; fileRef = D724F63C1F83C8AC00AB1917 /* String-Extras.swift */; };
		D724F6411F83C8AC00AB1917 /* SQLTable.swift in Sources */ = {isa = PBXBuildFile; fileRef = D724F63D1F83C8AC00AB1917 /* SQLTable.swift */; };
		D724F6491F83CD4000AB1917 /* libsqlite3.0.tbd in Frameworks */ = {isa = PBXBuildFile; fileRef = D724F6481F83CD4000AB1917 /* libsqlite3.0.tbd */; };
		D73D7EA21F86516D00A91E02 /* TimerDataModel.swift in Sources */ = {isa = PBXBuildFile; fileRef = D73D7EA11F86516D00A91E02 /* TimerDataModel.swift */; };
		D73D7EA91F86532100A91E02 /* ImageUtils.swift in Sources */ = {isa = PBXBuildFile; fileRef = D73D7EA41F86532100A91E02 /* ImageUtils.swift */; };
		D73D7EAA1F86532100A91E02 /* SQliteRepository.swift in Sources */ = {isa = PBXBuildFile; fileRef = D73D7EA51F86532100A91E02 /* SQliteRepository.swift */; };
		D73D7EAB1F86532100A91E02 /* TouchIDUtils.swift in Sources */ = {isa = PBXBuildFile; fileRef = D73D7EA61F86532100A91E02 /* TouchIDUtils.swift */; };
		D73D7EAC1F86532100A91E02 /* AlertControllerUtils.swift in Sources */ = {isa = PBXBuildFile; fileRef = D73D7EA71F86532100A91E02 /* AlertControllerUtils.swift */; };
		D73D7EAD1F86532100A91E02 /* DateTimeUtils.swift in Sources */ = {isa = PBXBuildFile; fileRef = D73D7EA81F86532100A91E02 /* DateTimeUtils.swift */; };
		D73D7EB11F8653CD00A91E02 /* NSObjectExtension.swift in Sources */ = {isa = PBXBuildFile; fileRef = D73D7EAF1F8653CD00A91E02 /* NSObjectExtension.swift */; };
		D73D7EB21F8653CD00A91E02 /* NSDateExtension.swift in Sources */ = {isa = PBXBuildFile; fileRef = D73D7EB01F8653CD00A91E02 /* NSDateExtension.swift */; };
		D73D7EB81F86639100A91E02 /* data.db in Resources */ = {isa = PBXBuildFile; fileRef = D73D7EB71F86639100A91E02 /* data.db */; };
		D7A1372B1F839412005F7FF5 /* AppDelegate.swift in Sources */ = {isa = PBXBuildFile; fileRef = D7A1372A1F839412005F7FF5 /* AppDelegate.swift */; };
		D7A137341F839412005F7FF5 /* Main.storyboard in Resources */ = {isa = PBXBuildFile; fileRef = D7A137321F839412005F7FF5 /* Main.storyboard */; };
		D7A137361F839412005F7FF5 /* Assets.xcassets in Resources */ = {isa = PBXBuildFile; fileRef = D7A137351F839412005F7FF5 /* Assets.xcassets */; };
		D7A137391F839412005F7FF5 /* LaunchScreen.storyboard in Resources */ = {isa = PBXBuildFile; fileRef = D7A137371F839412005F7FF5 /* LaunchScreen.storyboard */; };
/* End PBXBuildFile section */

/* Begin PBXFileReference section */
		D70C6EC41F83C6B60017D729 /* DataViewController.swift */ = {isa = PBXFileReference; fileEncoding = 4; lastKnownFileType = sourcecode.swift; name = DataViewController.swift; path = TimingRemind/Views/DataViewController.swift; sourceTree = "<group>"; };
		D70C6EC51F83C6B60017D729 /* ModelController.swift */ = {isa = PBXFileReference; fileEncoding = 4; lastKnownFileType = sourcecode.swift; name = ModelController.swift; path = TimingRemind/Views/ModelController.swift; sourceTree = "<group>"; };
		D70C6EC61F83C6B60017D729 /* RootViewController.swift */ = {isa = PBXFileReference; fileEncoding = 4; lastKnownFileType = sourcecode.swift; name = RootViewController.swift; path = TimingRemind/Views/RootViewController.swift; sourceTree = "<group>"; };
		D724F63B1F83C8AC00AB1917 /* SQLiteDB.swift */ = {isa = PBXFileReference; fileEncoding = 4; lastKnownFileType = sourcecode.swift; path = SQLiteDB.swift; sourceTree = "<group>"; };
		D724F63C1F83C8AC00AB1917 /* String-Extras.swift */ = {isa = PBXFileReference; fileEncoding = 4; lastKnownFileType = sourcecode.swift; path = "String-Extras.swift"; sourceTree = "<group>"; };
		D724F63D1F83C8AC00AB1917 /* SQLTable.swift */ = {isa = PBXFileReference; fileEncoding = 4; lastKnownFileType = sourcecode.swift; path = SQLTable.swift; sourceTree = "<group>"; };
		D724F63E1F83C8AC00AB1917 /* Bridging-Header.h */ = {isa = PBXFileReference; fileEncoding = 4; lastKnownFileType = sourcecode.c.h; path = "Bridging-Header.h"; sourceTree = "<group>"; };
		D724F6481F83CD4000AB1917 /* libsqlite3.0.tbd */ = {isa = PBXFileReference; lastKnownFileType = "sourcecode.text-based-dylib-definition"; name = libsqlite3.0.tbd; path = usr/lib/libsqlite3.0.tbd; sourceTree = SDKROOT; };
		D73D7EA11F86516D00A91E02 /* TimerDataModel.swift */ = {isa = PBXFileReference; lastKnownFileType = sourcecode.swift; name = TimerDataModel.swift; path = Model/TimerDataModel.swift; sourceTree = "<group>"; };
		D73D7EA41F86532100A91E02 /* ImageUtils.swift */ = {isa = PBXFileReference; fileEncoding = 4; lastKnownFileType = sourcecode.swift; name = ImageUtils.swift; path = Utils/ImageUtils.swift; sourceTree = "<group>"; };
		D73D7EA51F86532100A91E02 /* SQliteRepository.swift */ = {isa = PBXFileReference; fileEncoding = 4; lastKnownFileType = sourcecode.swift; name = SQliteRepository.swift; path = Utils/SQliteRepository.swift; sourceTree = "<group>"; };
		D73D7EA61F86532100A91E02 /* TouchIDUtils.swift */ = {isa = PBXFileReference; fileEncoding = 4; lastKnownFileType = sourcecode.swift; name = TouchIDUtils.swift; path = Utils/TouchIDUtils.swift; sourceTree = "<group>"; };
		D73D7EA71F86532100A91E02 /* AlertControllerUtils.swift */ = {isa = PBXFileReference; fileEncoding = 4; lastKnownFileType = sourcecode.swift; name = AlertControllerUtils.swift; path = Utils/AlertControllerUtils.swift; sourceTree = "<group>"; };
		D73D7EA81F86532100A91E02 /* DateTimeUtils.swift */ = {isa = PBXFileReference; fileEncoding = 4; lastKnownFileType = sourcecode.swift; name = DateTimeUtils.swift; path = Utils/DateTimeUtils.swift; sourceTree = "<group>"; };
		D73D7EAF1F8653CD00A91E02 /* NSObjectExtension.swift */ = {isa = PBXFileReference; fileEncoding = 4; lastKnownFileType = sourcecode.swift; name = NSObjectExtension.swift; path = Extensions/NSObjectExtension.swift; sourceTree = "<group>"; };
		D73D7EB01F8653CD00A91E02 /* NSDateExtension.swift */ = {isa = PBXFileReference; fileEncoding = 4; lastKnownFileType = sourcecode.swift; name = NSDateExtension.swift; path = Extensions/NSDateExtension.swift; sourceTree = "<group>"; };
		D73D7EB71F86639100A91E02 /* data.db */ = {isa = PBXFileReference; lastKnownFileType = file; name = data.db; path = Resource/data.db; sourceTree = "<group>"; };
		D7A137271F839412005F7FF5 /* TimingRemind.app */ = {isa = PBXFileReference; explicitFileType = wrapper.application; includeInIndex = 0; path = TimingRemind.app; sourceTree = BUILT_PRODUCTS_DIR; };
		D7A1372A1F839412005F7FF5 /* AppDelegate.swift */ = {isa = PBXFileReference; lastKnownFileType = sourcecode.swift; path = AppDelegate.swift; sourceTree = "<group>"; };
		D7A137331F839412005F7FF5 /* Base */ = {isa = PBXFileReference; lastKnownFileType = file.storyboard; name = Base; path = Base.lproj/Main.storyboard; sourceTree = "<group>"; };
		D7A137351F839412005F7FF5 /* Assets.xcassets */ = {isa = PBXFileReference; lastKnownFileType = folder.assetcatalog; path = Assets.xcassets; sourceTree = "<group>"; };
		D7A137381F839412005F7FF5 /* Base */ = {isa = PBXFileReference; lastKnownFileType = file.storyboard; name = Base; path = Base.lproj/LaunchScreen.storyboard; sourceTree = "<group>"; };
		D7A1373A1F839412005F7FF5 /* Info.plist */ = {isa = PBXFileReference; lastKnownFileType = text.plist.xml; path = Info.plist; sourceTree = "<group>"; };
/* End PBXFileReference section */

/* Begin PBXFrameworksBuildPhase section */
		D7A137241F839412005F7FF5 /* Frameworks */ = {
			isa = PBXFrameworksBuildPhase;
			buildActionMask = 2147483647;
			files = (
				D724F6491F83CD4000AB1917 /* libsqlite3.0.tbd in Frameworks */,
			);
			runOnlyForDeploymentPostprocessing = 0;
		};
/* End PBXFrameworksBuildPhase section */

/* Begin PBXGroup section */
		D70C6EC31F83C6920017D729 /* Views */ = {
			isa = PBXGroup;
			children = (
				D70C6EC61F83C6B60017D729 /* RootViewController.swift */,
				D70C6EC41F83C6B60017D729 /* DataViewController.swift */,
				D70C6EC51F83C6B60017D729 /* ModelController.swift */,
			);
			name = Views;
			path = ..;
			sourceTree = "<group>";
		};
		D724F63A1F83C88600AB1917 /* SQliteDB */ = {
			isa = PBXGroup;
			children = (
				D724F63E1F83C8AC00AB1917 /* Bridging-Header.h */,
				D724F63B1F83C8AC00AB1917 /* SQLiteDB.swift */,
				D724F63D1F83C8AC00AB1917 /* SQLTable.swift */,
				D724F63C1F83C8AC00AB1917 /* String-Extras.swift */,
			);
			path = SQliteDB;
			sourceTree = "<group>";
		};
		D724F6471F83CD4000AB1917 /* Frameworks */ = {
			isa = PBXGroup;
			children = (
				D724F6481F83CD4000AB1917 /* libsqlite3.0.tbd */,
			);
			name = Frameworks;
			sourceTree = "<group>";
		};
		D73D7EA01F8650E600A91E02 /* Model */ = {
			isa = PBXGroup;
			children = (
				D73D7EA11F86516D00A91E02 /* TimerDataModel.swift */,
			);
			name = Model;
			sourceTree = "<group>";
		};
		D73D7EA31F86530B00A91E02 /* Utils */ = {
			isa = PBXGroup;
			children = (
				D73D7EA71F86532100A91E02 /* AlertControllerUtils.swift */,
				D73D7EA81F86532100A91E02 /* DateTimeUtils.swift */,
				D73D7EA41F86532100A91E02 /* ImageUtils.swift */,
				D73D7EA51F86532100A91E02 /* SQliteRepository.swift */,
				D73D7EA61F86532100A91E02 /* TouchIDUtils.swift */,
			);
			name = Utils;
			sourceTree = "<group>";
		};
		D73D7EAE1F8653A500A91E02 /* Extensions */ = {
			isa = PBXGroup;
			children = (
				D73D7EB01F8653CD00A91E02 /* NSDateExtension.swift */,
				D73D7EAF1F8653CD00A91E02 /* NSObjectExtension.swift */,
			);
			name = Extensions;
			sourceTree = "<group>";
		};
		D73D7EB61F86635600A91E02 /* Resource */ = {
			isa = PBXGroup;
			children = (
				D73D7EB71F86639100A91E02 /* data.db */,
			);
			name = Resource;
			sourceTree = "<group>";
		};
		D7A1371E1F839411005F7FF5 = {
			isa = PBXGroup;
			children = (
				D7A137291F839412005F7FF5 /* TimingRemind */,
				D7A137281F839412005F7FF5 /* Products */,
				D724F6471F83CD4000AB1917 /* Frameworks */,
			);
			sourceTree = "<group>";
		};
		D7A137281F839412005F7FF5 /* Products */ = {
			isa = PBXGroup;
			children = (
				D7A137271F839412005F7FF5 /* TimingRemind.app */,
			);
			name = Products;
			sourceTree = "<group>";
		};
		D7A137291F839412005F7FF5 /* TimingRemind */ = {
			isa = PBXGroup;
			children = (
				D73D7EB61F86635600A91E02 /* Resource */,
				D724F63A1F83C88600AB1917 /* SQliteDB */,
				D73D7EA01F8650E600A91E02 /* Model */,
				D70C6EC31F83C6920017D729 /* Views */,
				D73D7EAE1F8653A500A91E02 /* Extensions */,
				D73D7EA31F86530B00A91E02 /* Utils */,
				D7A1372A1F839412005F7FF5 /* AppDelegate.swift */,
				D7A137321F839412005F7FF5 /* Main.storyboard */,
				D7A137351F839412005F7FF5 /* Assets.xcassets */,
				D7A137371F839412005F7FF5 /* LaunchScreen.storyboard */,
				D7A1373A1F839412005F7FF5 /* Info.plist */,
			);
			path = TimingRemind;
			sourceTree = "<group>";
		};
/* End PBXGroup section */

/* Begin PBXNativeTarget section */
		D7A137261F839412005F7FF5 /* TimingRemind */ = {
			isa = PBXNativeTarget;
			buildConfigurationList = D7A1373D1F839412005F7FF5 /* Build configuration list for PBXNativeTarget "TimingRemind" */;
			buildPhases = (
				D7A137231F839412005F7FF5 /* Sources */,
				D7A137241F839412005F7FF5 /* Frameworks */,
				D7A137251F839412005F7FF5 /* Resources */,
			);
			buildRules = (
			);
			dependencies = (
			);
			name = TimingRemind;
			productName = TimingRemind;
			productReference = D7A137271F839412005F7FF5 /* TimingRemind.app */;
			productType = "com.apple.product-type.application";
		};
/* End PBXNativeTarget section */

/* Begin PBXProject section */
		D7A1371F1F839411005F7FF5 /* Project object */ = {
			isa = PBXProject;
			attributes = {
				LastSwiftUpdateCheck = 0900;
				LastUpgradeCheck = 0900;
				ORGANIZATIONNAME = "Channing Kuo";
				TargetAttributes = {
					D7A137261F839412005F7FF5 = {
						CreatedOnToolsVersion = 9.0;
						ProvisioningStyle = Automatic;
					};
				};
			};
			buildConfigurationList = D7A137221F839412005F7FF5 /* Build configuration list for PBXProject "TimingRemind" */;
			compatibilityVersion = "Xcode 8.0";
			developmentRegion = en;
			hasScannedForEncodings = 0;
			knownRegions = (
				en,
				Base,
			);
			mainGroup = D7A1371E1F839411005F7FF5;
			productRefGroup = D7A137281F839412005F7FF5 /* Products */;
			projectDirPath = "";
			projectRoot = "";
			targets = (
				D7A137261F839412005F7FF5 /* TimingRemind */,
			);
		};
/* End PBXProject section */

/* Begin PBXResourcesBuildPhase section */
		D7A137251F839412005F7FF5 /* Resources */ = {
			isa = PBXResourcesBuildPhase;
			buildActionMask = 2147483647;
			files = (
				D7A137391F839412005F7FF5 /* LaunchScreen.storyboard in Resources */,
				D73D7EB81F86639100A91E02 /* data.db in Resources */,
				D7A137361F839412005F7FF5 /* Assets.xcassets in Resources */,
				D7A137341F839412005F7FF5 /* Main.storyboard in Resources */,
			);
			runOnlyForDeploymentPostprocessing = 0;
		};
/* End PBXResourcesBuildPhase section */

/* Begin PBXSourcesBuildPhase section */
		D7A137231F839412005F7FF5 /* Sources */ = {
			isa = PBXSourcesBuildPhase;
			buildActionMask = 2147483647;
			files = (
				D70C6EC81F83C6B60017D729 /* ModelController.swift in Sources */,
				D73D7EAA1F86532100A91E02 /* SQliteRepository.swift in Sources */,
				D724F6411F83C8AC00AB1917 /* SQLTable.swift in Sources */,
				D73D7EA91F86532100A91E02 /* ImageUtils.swift in Sources */,
				D724F6401F83C8AC00AB1917 /* String-Extras.swift in Sources */,
				D73D7EA21F86516D00A91E02 /* TimerDataModel.swift in Sources */,
				D73D7EB21F8653CD00A91E02 /* NSDateExtension.swift in Sources */,
				D73D7EAC1F86532100A91E02 /* AlertControllerUtils.swift in Sources */,
				D73D7EB11F8653CD00A91E02 /* NSObjectExtension.swift in Sources */,
				D70C6EC71F83C6B60017D729 /* DataViewController.swift in Sources */,
				D73D7EAB1F86532100A91E02 /* TouchIDUtils.swift in Sources */,
				D73D7EAD1F86532100A91E02 /* DateTimeUtils.swift in Sources */,
				D724F63F1F83C8AC00AB1917 /* SQLiteDB.swift in Sources */,
				D70C6EC91F83C6B60017D729 /* RootViewController.swift in Sources */,
				D7A1372B1F839412005F7FF5 /* AppDelegate.swift in Sources */,
			);
			runOnlyForDeploymentPostprocessing = 0;
		};
/* End PBXSourcesBuildPhase section */

/* Begin PBXVariantGroup section */
		D7A137321F839412005F7FF5 /* Main.storyboard */ = {
			isa = PBXVariantGroup;
			children = (
				D7A137331F839412005F7FF5 /* Base */,
			);
			name = Main.storyboard;
			sourceTree = "<group>";
		};
		D7A137371F839412005F7FF5 /* LaunchScreen.storyboard */ = {
			isa = PBXVariantGroup;
			children = (
				D7A137381F839412005F7FF5 /* Base */,
			);
			name = LaunchScreen.storyboard;
			sourceTree = "<group>";
		};
/* End PBXVariantGroup section */

/* Begin XCBuildConfiguration section */
		D7A1373B1F839412005F7FF5 /* Debug */ = {
			isa = XCBuildConfiguration;
			buildSettings = {
				ALWAYS_SEARCH_USER_PATHS = NO;
				CLANG_ANALYZER_NONNULL = YES;
				CLANG_ANALYZER_NUMBER_OBJECT_CONVERSION = YES_AGGRESSIVE;
				CLANG_CXX_LANGUAGE_STANDARD = "gnu++14";
				CLANG_CXX_LIBRARY = "libc++";
				CLANG_ENABLE_MODULES = YES;
				CLANG_ENABLE_OBJC_ARC = YES;
				CLANG_WARN_BLOCK_CAPTURE_AUTORELEASING = YES;
				CLANG_WARN_BOOL_CONVERSION = YES;
				CLANG_WARN_COMMA = YES;
				CLANG_WARN_CONSTANT_CONVERSION = YES;
				CLANG_WARN_DIRECT_OBJC_ISA_USAGE = YES_ERROR;
				CLANG_WARN_DOCUMENTATION_COMMENTS = YES;
				CLANG_WARN_EMPTY_BODY = YES;
				CLANG_WARN_ENUM_CONVERSION = YES;
				CLANG_WARN_INFINITE_RECURSION = YES;
				CLANG_WARN_INT_CONVERSION = YES;
				CLANG_WARN_NON_LITERAL_NULL_CONVERSION = YES;
				CLANG_WARN_OBJC_LITERAL_CONVERSION = YES;
				CLANG_WARN_OBJC_ROOT_CLASS = YES_ERROR;
				CLANG_WARN_RANGE_LOOP_ANALYSIS = YES;
				CLANG_WARN_STRICT_PROTOTYPES = YES;
				CLANG_WARN_SUSPICIOUS_MOVE = YES;
				CLANG_WARN_UNGUARDED_AVAILABILITY = YES_AGGRESSIVE;
				CLANG_WARN_UNREACHABLE_CODE = YES;
				CLANG_WARN__DUPLICATE_METHOD_MATCH = YES;
				CODE_SIGN_IDENTITY = "iPhone Developer";
				COPY_PHASE_STRIP = NO;
				DEBUG_INFORMATION_FORMAT = dwarf;
				ENABLE_STRICT_OBJC_MSGSEND = YES;
				ENABLE_TESTABILITY = YES;
				GCC_C_LANGUAGE_STANDARD = gnu11;
				GCC_DYNAMIC_NO_PIC = NO;
				GCC_NO_COMMON_BLOCKS = YES;
				GCC_OPTIMIZATION_LEVEL = 0;
				GCC_PREPROCESSOR_DEFINITIONS = (
					"DEBUG=1",
					"$(inherited)",
				);
				GCC_WARN_64_TO_32_BIT_CONVERSION = YES;
				GCC_WARN_ABOUT_RETURN_TYPE = YES_ERROR;
				GCC_WARN_UNDECLARED_SELECTOR = YES;
				GCC_WARN_UNINITIALIZED_AUTOS = YES_AGGRESSIVE;
				GCC_WARN_UNUSED_FUNCTION = YES;
				GCC_WARN_UNUSED_VARIABLE = YES;
				IPHONEOS_DEPLOYMENT_TARGET = 11.0;
				MTL_ENABLE_DEBUG_INFO = YES;
				ONLY_ACTIVE_ARCH = YES;
				SDKROOT = iphoneos;
				SWIFT_ACTIVE_COMPILATION_CONDITIONS = DEBUG;
				SWIFT_OPTIMIZATION_LEVEL = "-Onone";
			};
			name = Debug;
		};
		D7A1373C1F839412005F7FF5 /* Release */ = {
			isa = XCBuildConfiguration;
			buildSettings = {
				ALWAYS_SEARCH_USER_PATHS = NO;
				CLANG_ANALYZER_NONNULL = YES;
				CLANG_ANALYZER_NUMBER_OBJECT_CONVERSION = YES_AGGRESSIVE;
				CLANG_CXX_LANGUAGE_STANDARD = "gnu++14";
				CLANG_CXX_LIBRARY = "libc++";
				CLANG_ENABLE_MODULES = YES;
				CLANG_ENABLE_OBJC_ARC = YES;
				CLANG_WARN_BLOCK_CAPTURE_AUTORELEASING = YES;
				CLANG_WARN_BOOL_CONVERSION = YES;
				CLANG_WARN_COMMA = YES;
				CLANG_WARN_CONSTANT_CONVERSION = YES;
				CLANG_WARN_DIRECT_OBJC_ISA_USAGE = YES_ERROR;
				CLANG_WARN_DOCUMENTATION_COMMENTS = YES;
				CLANG_WARN_EMPTY_BODY = YES;
				CLANG_WARN_ENUM_CONVERSION = YES;
				CLANG_WARN_INFINITE_RECURSION = YES;
				CLANG_WARN_INT_CONVERSION = YES;
				CLANG_WARN_NON_LITERAL_NULL_CONVERSION = YES;
				CLANG_WARN_OBJC_LITERAL_CONVERSION = YES;
				CLANG_WARN_OBJC_ROOT_CLASS = YES_ERROR;
				CLANG_WARN_RANGE_LOOP_ANALYSIS = YES;
				CLANG_WARN_STRICT_PROTOTYPES = YES;
				CLANG_WARN_SUSPICIOUS_MOVE = YES;
				CLANG_WARN_UNGUARDED_AVAILABILITY = YES_AGGRESSIVE;
				CLANG_WARN_UNREACHABLE_CODE = YES;
				CLANG_WARN__DUPLICATE_METHOD_MATCH = YES;
				CODE_SIGN_IDENTITY = "iPhone Developer";
				COPY_PHASE_STRIP = NO;
				DEBUG_INFORMATION_FORMAT = "dwarf-with-dsym";
				ENABLE_NS_ASSERTIONS = NO;
				ENABLE_STRICT_OBJC_MSGSEND = YES;
				GCC_C_LANGUAGE_STANDARD = gnu11;
				GCC_NO_COMMON_BLOCKS = YES;
				GCC_WARN_64_TO_32_BIT_CONVERSION = YES;
				GCC_WARN_ABOUT_RETURN_TYPE = YES_ERROR;
				GCC_WARN_UNDECLARED_SELECTOR = YES;
				GCC_WARN_UNINITIALIZED_AUTOS = YES_AGGRESSIVE;
				GCC_WARN_UNUSED_FUNCTION = YES;
				GCC_WARN_UNUSED_VARIABLE = YES;
				IPHONEOS_DEPLOYMENT_TARGET = 11.0;
				MTL_ENABLE_DEBUG_INFO = NO;
				SDKROOT = iphoneos;
				SWIFT_OPTIMIZATION_LEVEL = "-Owholemodule";
				VALIDATE_PRODUCT = YES;
			};
			name = Release;
		};
		D7A1373E1F839412005F7FF5 /* Debug */ = {
			isa = XCBuildConfiguration;
			buildSettings = {
				ASSETCATALOG_COMPILER_APPICON_NAME = AppIcon;
				CODE_SIGN_STYLE = Automatic;
				INFOPLIST_FILE = TimingRemind/Info.plist;
				IPHONEOS_DEPLOYMENT_TARGET = 10.0;
				LD_RUNPATH_SEARCH_PATHS = "$(inherited) @executable_path/Frameworks";
				PRODUCT_BUNDLE_IDENTIFIER = Ellusionists.TimingRemind;
				PRODUCT_NAME = "$(TARGET_NAME)";
				SWIFT_OBJC_BRIDGING_HEADER = "TimingRemind/SQliteDB/Bridging-Header.h";
				SWIFT_VERSION = 4.0;
				TARGETED_DEVICE_FAMILY = 1;
			};
			name = Debug;
		};
		D7A1373F1F839412005F7FF5 /* Release */ = {
			isa = XCBuildConfiguration;
			buildSettings = {
				ASSETCATALOG_COMPILER_APPICON_NAME = AppIcon;
				CODE_SIGN_STYLE = Automatic;
				INFOPLIST_FILE = TimingRemind/Info.plist;
				IPHONEOS_DEPLOYMENT_TARGET = 10.0;
				LD_RUNPATH_SEARCH_PATHS = "$(inherited) @executable_path/Frameworks";
				PRODUCT_BUNDLE_IDENTIFIER = Ellusionists.TimingRemind;
				PRODUCT_NAME = "$(TARGET_NAME)";
				SWIFT_OBJC_BRIDGING_HEADER = "TimingRemind/SQliteDB/Bridging-Header.h";
				SWIFT_VERSION = 4.0;
				TARGETED_DEVICE_FAMILY = 1;
			};
			name = Release;
		};
/* End XCBuildConfiguration section */

/* Begin XCConfigurationList section */
		D7A137221F839412005F7FF5 /* Build configuration list for PBXProject "TimingRemind" */ = {
			isa = XCConfigurationList;
			buildConfigurations = (
				D7A1373B1F839412005F7FF5 /* Debug */,
				D7A1373C1F839412005F7FF5 /* Release */,
			);
			defaultConfigurationIsVisible = 0;
			defaultConfigurationName = Release;
		};
		D7A1373D1F839412005F7FF5 /* Build configuration list for PBXNativeTarget "TimingRemind" */ = {
			isa = XCConfigurationList;
			buildConfigurations = (
				D7A1373E1F839412005F7FF5 /* Debug */,
				D7A1373F1F839412005F7FF5 /* Release */,
			);
			defaultConfigurationIsVisible = 0;
			defaultConfigurationName = Release;
		};
/* End XCConfigurationList section */
	};
	rootObject = D7A1371F1F839411005F7FF5 /* Project object */;
}
